Microsoft Visual Studio Solution File, Format Version 12.00
# Visual Studio Version 17
VisualStudioVersion = 17.5.2.0
MinimumVisualStudioVersion = 10.0.40219.1
Project("{2150E333-8FDC-42A3-9474-1A3956D46DE8}") = "Introduction", "Introduction", "{21811496-04E6-4EEB-7CF7-21D28F012789}"
EndProject
Project("{FAE04EC0-301F-11D3-BF4B-00C04F79EFBC}") = "Hello World Web", "Introduction\Hello World Web\Hello World Web.csproj", "{4AC59642-0E5A-45E4-61B0-B8AA9FDA1777}"
EndProject
Project("{FAE04EC0-301F-11D3-BF4B-00C04F79EFBC}") = "Hello World", "Introduction\Hello World\Hello World.csproj", "{A95834DE-CCCD-1B18-67C6-CCDB359454B7}"
EndProject
Global
	GlobalSection(SolutionConfigurationPlatforms) = preSolution
		Debug|Any CPU = Debug|Any CPU
		Release|Any CPU = Release|Any CPU
	EndGlobalSection
	GlobalSection(ProjectConfigurationPlatforms) = postSolution
		{4AC59642-0E5A-45E4-61B0-B8AA9FDA1777}.Debug|Any CPU.ActiveCfg = Debug|Any CPU
		{4AC59642-0E5A-45E4-61B0-B8AA9FDA1777}.Debug|Any CPU.Build.0 = Debug|Any CPU
		{4AC59642-0E5A-45E4-61B0-B8AA9FDA1777}.Release|Any CPU.ActiveCfg = Release|Any CPU
		{4AC59642-0E5A-45E4-61B0-B8AA9FDA1777}.Release|Any CPU.Build.0 = Release|Any CPU
		{A95834DE-CCCD-1B18-67C6-CCDB359454B7}.Debug|Any CPU.ActiveCfg = Debug|Any CPU
		{A95834DE-CCCD-1B18-67C6-CCDB359454B7}.Debug|Any CPU.Build.0 = Debug|Any CPU
		{A95834DE-CCCD-1B18-67C6-CCDB359454B7}.Release|Any CPU.ActiveCfg = Release|Any CPU
		{A95834DE-CCCD-1B18-67C6-CCDB359454B7}.Release|Any CPU.Build.0 = Release|Any CPU
	EndGlobalSection
	GlobalSection(SolutionProperties) = preSolution
		HideSolutionNode = FALSE
	EndGlobalSection
	GlobalSection(NestedProjects) = preSolution
		{4AC59642-0E5A-45E4-61B0-B8AA9FDA1777} = {21811496-04E6-4EEB-7CF7-21D28F012789}
		{A95834DE-CCCD-1B18-67C6-CCDB359454B7} = {21811496-04E6-4EEB-7CF7-21D28F012789}
	EndGlobalSection
	GlobalSection(ExtensibilityGlobals) = postSolution
		SolutionGuid = {225A47C4-6A91-4234-AE7E-70F1BC11E6A1}
	EndGlobalSection
EndGlobal
